
Microsoft Visual Studio Solution File, Format Version 12.00
# Visual Studio 15
VisualStudioVersion = 15.0.28307.1525
MinimumVisualStudioVersion = 10.0.40219.1
Project("{FAE04EC0-301F-11D3-BF4B-00C04F79EFBC}") = "Dewey Decimal Classification system", "Dewey Decimal Classification system.csproj", "{DB883022-764A-4253-B26D-E4E7C88104A8}"
EndProject
Global
	GlobalSection(SolutionConfigurationPlatforms) = preSolution
		Debug|Any CPU = Debug|Any CPU
		Release|Any CPU = Release|Any CPU
	EndGlobalSection
	GlobalSection(ProjectConfigurationPlatforms) = postSolution
		{DB883022-764A-4253-B26D-E4E7C88104A8}.Debug|Any CPU.ActiveCfg = Debug|Any CPU
		{DB883022-764A-4253-B26D-E4E7C88104A8}.Debug|Any CPU.Build.0 = Debug|Any CPU
		{DB883022-764A-4253-B26D-E4E7C88104A8}.Release|Any CPU.ActiveCfg = Release|Any CPU
		{DB883022-764A-4253-B26D-E4E7C88104A8}.Release|Any CPU.Build.0 = Release|Any CPU
	EndGlobalSection
	GlobalSection(SolutionProperties) = preSolution
		HideSolutionNode = FALSE
	EndGlobalSection
	GlobalSection(ExtensibilityGlobals) = postSolution
		SolutionGuid = {ED14DB47-A777-45F7-9300-26CF6185AE0C}
	EndGlobalSection
EndGlobal
